// !$*UTF8*$!
{
	archiveVersion = 1;
	classes = {
	};
	objectVersion = 46;
	objects = {

/* Begin PBXBuildFile section */
		8C253BDD1E6A56090051C576 /* AppDelegate.swift in Sources */ = {isa = PBXBuildFile; fileRef = 8C253BDC1E6A56090051C576 /* AppDelegate.swift */; };
		8C253BDF1E6A56090051C576 /* FirstViewController.swift in Sources */ = {isa = PBXBuildFile; fileRef = 8C253BDE1E6A56090051C576 /* FirstViewController.swift */; };
		8C253BE11E6A56090051C576 /* SecondViewController.swift in Sources */ = {isa = PBXBuildFile; fileRef = 8C253BE01E6A56090051C576 /* SecondViewController.swift */; };
		8C253BE41E6A56090051C576 /* Main.storyboard in Resources */ = {isa = PBXBuildFile; fileRef = 8C253BE21E6A56090051C576 /* Main.storyboard */; };
		8C253BE61E6A56090051C576 /* Assets.xcassets in Resources */ = {isa = PBXBuildFile; fileRef = 8C253BE51E6A56090051C576 /* Assets.xcassets */; };
		8C253BE91E6A56090051C576 /* LaunchScreen.storyboard in Resources */ = {isa = PBXBuildFile; fileRef = 8C253BE71E6A56090051C576 /* LaunchScreen.storyboard */; };
		8C253BF41E6A56090051C576 /* PochiTests.swift in Sources */ = {isa = PBXBuildFile; fileRef = 8C253BF31E6A56090051C576 /* PochiTests.swift */; };
		8C253BFF1E6A56090051C576 /* PochiUITests.swift in Sources */ = {isa = PBXBuildFile; fileRef = 8C253BFE1E6A56090051C576 /* PochiUITests.swift */; };
/* End PBXBuildFile section */

/* Begin PBXContainerItemProxy section */
		8C253BF01E6A56090051C576 /* PBXContainerItemProxy */ = {
			isa = PBXContainerItemProxy;
			containerPortal = 8C253BD11E6A56090051C576 /* Project object */;
			proxyType = 1;
			remoteGlobalIDString = 8C253BD81E6A56090051C576;
			remoteInfo = Pochi;
		};
		8C253BFB1E6A56090051C576 /* PBXContainerItemProxy */ = {
			isa = PBXContainerItemProxy;
			containerPortal = 8C253BD11E6A56090051C576 /* Project object */;
			proxyType = 1;
			remoteGlobalIDString = 8C253BD81E6A56090051C576;
			remoteInfo = Pochi;
		};
/* End PBXContainerItemProxy section */

/* Begin PBXFileReference section */
		8C253BD91E6A56090051C576 /* Pochi.app */ = {isa = PBXFileReference; explicitFileType = wrapper.application; includeInIndex = 0; path = Pochi.app; sourceTree = BUILT_PRODUCTS_DIR; };
		8C253BDC1E6A56090051C576 /* AppDelegate.swift */ = {isa = PBXFileReference; lastKnownFileType = sourcecode.swift; path = AppDelegate.swift; sourceTree = "<group>"; };
		8C253BDE1E6A56090051C576 /* FirstViewController.swift */ = {isa = PBXFileReference; lastKnownFileType = sourcecode.swift; path = FirstViewController.swift; sourceTree = "<group>"; };
		8C253BE01E6A56090051C576 /* SecondViewController.swift */ = {isa = PBXFileReference; lastKnownFileType = sourcecode.swift; path = SecondViewController.swift; sourceTree = "<group>"; };
		8C253BE31E6A56090051C576 /* Base */ = {isa = PBXFileReference; lastKnownFileType = file.storyboard; name = Base; path = Base.lproj/Main.storyboard; sourceTree = "<group>"; };
		8C253BE51E6A56090051C576 /* Assets.xcassets */ = {isa = PBXFileReference; lastKnownFileType = folder.assetcatalog; path = Assets.xcassets; sourceTree = "<group>"; };
		8C253BE81E6A56090051C576 /* Base */ = {isa = PBXFileReference; lastKnownFileType = file.storyboard; name = Base; path = Base.lproj/LaunchScreen.storyboard; sourceTree = "<group>"; };
		8C253BEA1E6A56090051C576 /* Info.plist */ = {isa = PBXFileReference; lastKnownFileType = text.plist.xml; path = Info.plist; sourceTree = "<group>"; };
		8C253BEF1E6A56090051C576 /* PochiTests.xctest */ = {isa = PBXFileReference; explicitFileType = wrapper.cfbundle; includeInIndex = 0; path = PochiTests.xctest; sourceTree = BUILT_PRODUCTS_DIR; };
		8C253BF31E6A56090051C576 /* PochiTests.swift */ = {isa = PBXFileReference; lastKnownFileType = sourcecode.swift; path = PochiTests.swift; sourceTree = "<group>"; };
		8C253BF51E6A56090051C576 /* Info.plist */ = {isa = PBXFileReference; lastKnownFileType = text.plist.xml; path = Info.plist; sourceTree = "<group>"; };
		8C253BFA1E6A56090051C576 /* PochiUITests.xctest */ = {isa = PBXFileReference; explicitFileType = wrapper.cfbundle; includeInIndex = 0; path = PochiUITests.xctest; sourceTree = BUILT_PRODUCTS_DIR; };
		8C253BFE1E6A56090051C576 /* PochiUITests.swift */ = {isa = PBXFileReference; lastKnownFileType = sourcecode.swift; path = PochiUITests.swift; sourceTree = "<group>"; };
		8C253C001E6A56090051C576 /* Info.plist */ = {isa = PBXFileReference; lastKnownFileType = text.plist.xml; path = Info.plist; sourceTree = "<group>"; };
/* End PBXFileReference section */

/* Begin PBXFrameworksBuildPhase section */
		8C253BD61E6A56090051C576 /* Frameworks */ = {
			isa = PBXFrameworksBuildPhase;
			buildActionMask = 2147483647;
			files = (
			);
			runOnlyForDeploymentPostprocessing = 0;
		};
		8C253BEC1E6A56090051C576 /* Frameworks */ = {
			isa = PBXFrameworksBuildPhase;
			buildActionMask = 2147483647;
			files = (
			);
			runOnlyForDeploymentPostprocessing = 0;
		};
		8C253BF71E6A56090051C576 /* Frameworks */ = {
			isa = PBXFrameworksBuildPhase;
			buildActionMask = 2147483647;
			files = (
			);
			runOnlyForDeploymentPostprocessing = 0;
		};
/* End PBXFrameworksBuildPhase section */

/* Begin PBXGroup section */
		8C253BD01E6A56090051C576 = {
			isa = PBXGroup;
			children = (
				8C253BDB1E6A56090051C576 /* Pochi */,
				8C253BF21E6A56090051C576 /* PochiTests */,
				8C253BFD1E6A56090051C576 /* PochiUITests */,
				8C253BDA1E6A56090051C576 /* Products */,
			);
			sourceTree = "<group>";
		};
		8C253BDA1E6A56090051C576 /* Products */ = {
			isa = PBXGroup;
			children = (
				8C253BD91E6A56090051C576 /* Pochi.app */,
				8C253BEF1E6A56090051C576 /* PochiTests.xctest */,
				8C253BFA1E6A56090051C576 /* PochiUITests.xctest */,
			);
			name = Products;
			sourceTree = "<group>";
		};
		8C253BDB1E6A56090051C576 /* Pochi */ = {
			isa = PBXGroup;
			children = (
				8C253BDC1E6A56090051C576 /* AppDelegate.swift */,
				8C253BDE1E6A56090051C576 /* FirstViewController.swift */,
				8C253BE01E6A56090051C576 /* SecondViewController.swift */,
				8C253BE21E6A56090051C576 /* Main.storyboard */,
				8C253BE51E6A56090051C576 /* Assets.xcassets */,
				8C253BE71E6A56090051C576 /* LaunchScreen.storyboard */,
				8C253BEA1E6A56090051C576 /* Info.plist */,
			);
			path = Pochi;
			sourceTree = "<group>";
		};
		8C253BF21E6A56090051C576 /* PochiTests */ = {
			isa = PBXGroup;
			children = (
				8C253BF31E6A56090051C576 /* PochiTests.swift */,
				8C253BF51E6A56090051C576 /* Info.plist */,
			);
			path = PochiTests;
			sourceTree = "<group>";
		};
		8C253BFD1E6A56090051C576 /* PochiUITests */ = {
			isa = PBXGroup;
			children = (
				8C253BFE1E6A56090051C576 /* PochiUITests.swift */,
				8C253C001E6A56090051C576 /* Info.plist */,
			);
			path = PochiUITests;
			sourceTree = "<group>";
		};
/* End PBXGroup section */

/* Begin PBXNativeTarget section */
		8C253BD81E6A56090051C576 /* Pochi */ = {
			isa = PBXNativeTarget;
			buildConfigurationList = 8C253C031E6A56090051C576 /* Build configuration list for PBXNativeTarget "Pochi" */;
			buildPhases = (
				8C253BD51E6A56090051C576 /* Sources */,
				8C253BD61E6A56090051C576 /* Frameworks */,
				8C253BD71E6A56090051C576 /* Resources */,
			);
			buildRules = (
			);
			dependencies = (
			);
			name = Pochi;
			productName = Pochi;
			productReference = 8C253BD91E6A56090051C576 /* Pochi.app */;
			productType = "com.apple.product-type.application";
		};
		8C253BEE1E6A56090051C576 /* PochiTests */ = {
			isa = PBXNativeTarget;
			buildConfigurationList = 8C253C061E6A56090051C576 /* Build configuration list for PBXNativeTarget "PochiTests" */;
			buildPhases = (
				8C253BEB1E6A56090051C576 /* Sources */,
				8C253BEC1E6A56090051C576 /* Frameworks */,
				8C253BED1E6A56090051C576 /* Resources */,
			);
			buildRules = (
			);
			dependencies = (
				8C253BF11E6A56090051C576 /* PBXTargetDependency */,
			);
			name = PochiTests;
			productName = PochiTests;
			productReference = 8C253BEF1E6A56090051C576 /* PochiTests.xctest */;
			productType = "com.apple.product-type.bundle.unit-test";
		};
		8C253BF91E6A56090051C576 /* PochiUITests */ = {
			isa = PBXNativeTarget;
			buildConfigurationList = 8C253C091E6A56090051C576 /* Build configuration list for PBXNativeTarget "PochiUITests" */;
			buildPhases = (
				8C253BF61E6A56090051C576 /* Sources */,
				8C253BF71E6A56090051C576 /* Frameworks */,
				8C253BF81E6A56090051C576 /* Resources */,
			);
			buildRules = (
			);
			dependencies = (
				8C253BFC1E6A56090051C576 /* PBXTargetDependency */,
			);
			name = PochiUITests;
			productName = PochiUITests;
			productReference = 8C253BFA1E6A56090051C576 /* PochiUITests.xctest */;
			productType = "com.apple.product-type.bundle.ui-testing";
		};
/* End PBXNativeTarget section */

/* Begin PBXProject section */
		8C253BD11E6A56090051C576 /* Project object */ = {
			isa = PBXProject;
			attributes = {
				LastSwiftUpdateCheck = 0730;
				LastUpgradeCheck = 0730;
				ORGANIZATIONNAME = comexample;
				TargetAttributes = {
					8C253BD81E6A56090051C576 = {
						CreatedOnToolsVersion = 7.3.1;
					};
					8C253BEE1E6A56090051C576 = {
						CreatedOnToolsVersion = 7.3.1;
						TestTargetID = 8C253BD81E6A56090051C576;
					};
					8C253BF91E6A56090051C576 = {
						CreatedOnToolsVersion = 7.3.1;
						TestTargetID = 8C253BD81E6A56090051C576;
					};
				};
			};
			buildConfigurationList = 8C253BD41E6A56090051C576 /* Build configuration list for PBXProject "Pochi" */;
			compatibilityVersion = "Xcode 3.2";
			developmentRegion = English;
			hasScannedForEncodings = 0;
			knownRegions = (
				en,
				Base,
			);
			mainGroup = 8C253BD01E6A56090051C576;
			productRefGroup = 8C253BDA1E6A56090051C576 /* Products */;
			projectDirPath = "";
			projectRoot = "";
			targets = (
				8C253BD81E6A56090051C576 /* Pochi */,
				8C253BEE1E6A56090051C576 /* PochiTests */,
				8C253BF91E6A56090051C576 /* PochiUITests */,
			);
		};
/* End PBXProject section */

/* Begin PBXResourcesBuildPhase section */
		8C253BD71E6A56090051C576 /* Resources */ = {
			isa = PBXResourcesBuildPhase;
			buildActionMask = 2147483647;
			files = (
				8C253BE91E6A56090051C576 /* LaunchScreen.storyboard in Resources */,
				8C253BE61E6A56090051C576 /* Assets.xcassets in Resources */,
				8C253BE41E6A56090051C576 /* Main.storyboard in Resources */,
			);
			runOnlyForDeploymentPostprocessing = 0;
		};
		8C253BED1E6A56090051C576 /* Resources */ = {
			isa = PBXResourcesBuildPhase;
			buildActionMask = 2147483647;
			files = (
			);
			runOnlyForDeploymentPostprocessing = 0;
		};
		8C253BF81E6A56090051C576 /* Resources */ = {
			isa = PBXResourcesBuildPhase;
			buildActionMask = 2147483647;
			files = (
			);
			runOnlyForDeploymentPostprocessing = 0;
		};
/* End PBXResourcesBuildPhase section */

/* Begin PBXSourcesBuildPhase section */
		8C253BD51E6A56090051C576 /* Sources */ = {
			isa = PBXSourcesBuildPhase;
			buildActionMask = 2147483647;
			files = (
				8C253BE11E6A56090051C576 /* SecondViewController.swift in Sources */,
				8C253BDD1E6A56090051C576 /* AppDelegate.swift in Sources */,
				8C253BDF1E6A56090051C576 /* FirstViewController.swift in Sources */,
			);
			runOnlyForDeploymentPostprocessing = 0;
		};
		8C253BEB1E6A56090051C576 /* Sources */ = {
			isa = PBXSourcesBuildPhase;
			buildActionMask = 2147483647;
			files = (
				8C253BF41E6A56090051C576 /* PochiTests.swift in Sources */,
			);
			runOnlyForDeploymentPostprocessing = 0;
		};
		8C253BF61E6A56090051C576 /* Sources */ = {
			isa = PBXSourcesBuildPhase;
			buildActionMask = 2147483647;
			files = (
				8C253BFF1E6A56090051C576 /* PochiUITests.swift in Sources */,
			);
			runOnlyForDeploymentPostprocessing = 0;
		};
/* End PBXSourcesBuildPhase section */

/* Begin PBXTargetDependency section */
		8C253BF11E6A56090051C576 /* PBXTargetDependency */ = {
			isa = PBXTargetDependency;
			target = 8C253BD81E6A56090051C576 /* Pochi */;
			targetProxy = 8C253BF01E6A56090051C576 /* PBXContainerItemProxy */;
		};
		8C253BFC1E6A56090051C576 /* PBXTargetDependency */ = {
			isa = PBXTargetDependency;
			target = 8C253BD81E6A56090051C576 /* Pochi */;
			targetProxy = 8C253BFB1E6A56090051C576 /* PBXContainerItemProxy */;
		};
/* End PBXTargetDependency section */

/* Begin PBXVariantGroup section */
		8C253BE21E6A56090051C576 /* Main.storyboard */ = {
			isa = PBXVariantGroup;
			children = (
				8C253BE31E6A56090051C576 /* Base */,
			);
			name = Main.storyboard;
			sourceTree = "<group>";
		};
		8C253BE71E6A56090051C576 /* LaunchScreen.storyboard */ = {
			isa = PBXVariantGroup;
			children = (
				8C253BE81E6A56090051C576 /* Base */,
			);
			name = LaunchScreen.storyboard;
			sourceTree = "<group>";
		};
/* End PBXVariantGroup section */

/* Begin XCBuildConfiguration section */
		8C253C011E6A56090051C576 /* Debug */ = {
			isa = XCBuildConfiguration;
			buildSettings = {
				ALWAYS_SEARCH_USER_PATHS = NO;
				CLANG_ANALYZER_NONNULL = YES;
				CLANG_CXX_LANGUAGE_STANDARD = "gnu++0x";
				CLANG_CXX_LIBRARY = "libc++";
				CLANG_ENABLE_MODULES = YES;
				CLANG_ENABLE_OBJC_ARC = YES;
				CLANG_WARN_BOOL_CONVERSION = YES;
				CLANG_WARN_CONSTANT_CONVERSION = YES;
				CLANG_WARN_DIRECT_OBJC_ISA_USAGE = YES_ERROR;
				CLANG_WARN_EMPTY_BODY = YES;
				CLANG_WARN_ENUM_CONVERSION = YES;
				CLANG_WARN_INT_CONVERSION = YES;
				CLANG_WARN_OBJC_ROOT_CLASS = YES_ERROR;
				CLANG_WARN_UNREACHABLE_CODE = YES;
				CLANG_WARN__DUPLICATE_METHOD_MATCH = YES;
				"CODE_SIGN_IDENTITY[sdk=iphoneos*]" = "iPhone Developer";
				COPY_PHASE_STRIP = NO;
				DEBUG_INFORMATION_FORMAT = dwarf;
				ENABLE_STRICT_OBJC_MSGSEND = YES;
				ENABLE_TESTABILITY = YES;
				GCC_C_LANGUAGE_STANDARD = gnu99;
				GCC_DYNAMIC_NO_PIC = NO;
				GCC_NO_COMMON_BLOCKS = YES;
				GCC_OPTIMIZATION_LEVEL = 0;
				GCC_PREPROCESSOR_DEFINITIONS = (
					"DEBUG=1",
					"$(inherited)",
				);
				GCC_WARN_64_TO_32_BIT_CONVERSION = YES;
				GCC_WARN_ABOUT_RETURN_TYPE = YES_ERROR;
				GCC_WARN_UNDECLARED_SELECTOR = YES;
				GCC_WARN_UNINITIALIZED_AUTOS = YES_AGGRESSIVE;
				GCC_WARN_UNUSED_FUNCTION = YES;
				GCC_WARN_UNUSED_VARIABLE = YES;
				IPHONEOS_DEPLOYMENT_TARGET = 9.3;
				MTL_ENABLE_DEBUG_INFO = YES;
				ONLY_ACTIVE_ARCH = YES;
				SDKROOT = iphoneos;
				SWIFT_OPTIMIZATION_LEVEL = "-Onone";
			};
			name = Debug;
		};
		8C253C021E6A56090051C576 /* Release */ = {
			isa = XCBuildConfiguration;
			buildSettings = {
				ALWAYS_SEARCH_USER_PATHS = NO;
				CLANG_ANALYZER_NONNULL = YES;
				CLANG_CXX_LANGUAGE_STANDARD = "gnu++0x";
				CLANG_CXX_LIBRARY = "libc++";
				CLANG_ENABLE_MODULES = YES;
				CLANG_ENABLE_OBJC_ARC = YES;
				CLANG_WARN_BOOL_CONVERSION = YES;
				CLANG_WARN_CONSTANT_CONVERSION = YES;
				CLANG_WARN_DIRECT_OBJC_ISA_USAGE = YES_ERROR;
				CLANG_WARN_EMPTY_BODY = YES;
				CLANG_WARN_ENUM_CONVERSION = YES;
				CLANG_WARN_INT_CONVERSION = YES;
				CLANG_WARN_OBJC_ROOT_CLASS = YES_ERROR;
				CLANG_WARN_UNREACHABLE_CODE = YES;
				CLANG_WARN__DUPLICATE_METHOD_MATCH = YES;
				"CODE_SIGN_IDENTITY[sdk=iphoneos*]" = "iPhone Developer";
				COPY_PHASE_STRIP = NO;
				DEBUG_INFORMATION_FORMAT = "dwarf-with-dsym";
				ENABLE_NS_ASSERTIONS = NO;
				ENABLE_STRICT_OBJC_MSGSEND = YES;
				GCC_C_LANGUAGE_STANDARD = gnu99;
				GCC_NO_COMMON_BLOCKS = YES;
				GCC_WARN_64_TO_32_BIT_CONVERSION = YES;
				GCC_WARN_ABOUT_RETURN_TYPE = YES_ERROR;
				GCC_WARN_UNDECLARED_SELECTOR = YES;
				GCC_WARN_UNINITIALIZED_AUTOS = YES_AGGRESSIVE;
				GCC_WARN_UNUSED_FUNCTION = YES;
				GCC_WARN_UNUSED_VARIABLE = YES;
				IPHONEOS_DEPLOYMENT_TARGET = 9.3;
				MTL_ENABLE_DEBUG_INFO = NO;
				SDKROOT = iphoneos;
				VALIDATE_PRODUCT = YES;
			};
			name = Release;
		};
		8C253C041E6A56090051C576 /* Debug */ = {
			isa = XCBuildConfiguration;
			buildSettings = {
				ASSETCATALOG_COMPILER_APPICON_NAME = AppIcon;
				INFOPLIST_FILE = Pochi/Info.plist;
				LD_RUNPATH_SEARCH_PATHS = "$(inherited) @executable_path/Frameworks";
				PRODUCT_BUNDLE_IDENTIFIER = com.example.Pochi;
				PRODUCT_NAME = "$(TARGET_NAME)";
			};
			name = Debug;
		};
		8C253C051E6A56090051C576 /* Release */ = {
			isa = XCBuildConfiguration;
			buildSettings = {
				ASSETCATALOG_COMPILER_APPICON_NAME = AppIcon;
				INFOPLIST_FILE = Pochi/Info.plist;
				LD_RUNPATH_SEARCH_PATHS = "$(inherited) @executable_path/Frameworks";
				PRODUCT_BUNDLE_IDENTIFIER = com.example.Pochi;
				PRODUCT_NAME = "$(TARGET_NAME)";
			};
			name = Release;
		};
		8C253C071E6A56090051C576 /* Debug */ = {
			isa = XCBuildConfiguration;
			buildSettings = {
				BUNDLE_LOADER = "$(TEST_HOST)";
				INFOPLIST_FILE = PochiTests/Info.plist;
				LD_RUNPATH_SEARCH_PATHS = "$(inherited) @executable_path/Frameworks @loader_path/Frameworks";
				PRODUCT_BUNDLE_IDENTIFIER = com.example.PochiTests;
				PRODUCT_NAME = "$(TARGET_NAME)";
				TEST_HOST = "$(BUILT_PRODUCTS_DIR)/Pochi.app/Pochi";
			};
			name = Debug;
		};
		8C253C081E6A56090051C576 /* Release */ = {
			isa = XCBuildConfiguration;
			buildSettings = {
				BUNDLE_LOADER = "$(TEST_HOST)";
				INFOPLIST_FILE = PochiTests/Info.plist;
				LD_RUNPATH_SEARCH_PATHS = "$(inherited) @executable_path/Frameworks @loader_path/Frameworks";
				PRODUCT_BUNDLE_IDENTIFIER = com.example.PochiTests;
				PRODUCT_NAME = "$(TARGET_NAME)";
				TEST_HOST = "$(BUILT_PRODUCTS_DIR)/Pochi.app/Pochi";
			};
			name = Release;
		};
		8C253C0A1E6A56090051C576 /* Debug */ = {
			isa = XCBuildConfiguration;
			buildSettings = {
				INFOPLIST_FILE = PochiUITests/Info.plist;
				LD_RUNPATH_SEARCH_PATHS = "$(inherited) @executable_path/Frameworks @loader_path/Frameworks";
				PRODUCT_BUNDLE_IDENTIFIER = com.example.PochiUITests;
				PRODUCT_NAME = "$(TARGET_NAME)";
				TEST_TARGET_NAME = Pochi;
			};
			name = Debug;
		};
		8C253C0B1E6A56090051C576 /* Release */ = {
			isa = XCBuildConfiguration;
			buildSettings = {
				INFOPLIST_FILE = PochiUITests/Info.plist;
				LD_RUNPATH_SEARCH_PATHS = "$(inherited) @executable_path/Frameworks @loader_path/Frameworks";
				PRODUCT_BUNDLE_IDENTIFIER = com.example.PochiUITests;
				PRODUCT_NAME = "$(TARGET_NAME)";
				TEST_TARGET_NAME = Pochi;
			};
			name = Release;
		};
/* End XCBuildConfiguration section */

/* Begin XCConfigurationList section */
		8C253BD41E6A56090051C576 /* Build configuration list for PBXProject "Pochi" */ = {
			isa = XCConfigurationList;
			buildConfigurations = (
				8C253C011E6A56090051C576 /* Debug */,
				8C253C021E6A56090051C576 /* Release */,
			);
			defaultConfigurationIsVisible = 0;
			defaultConfigurationName = Release;
		};
		8C253C031E6A56090051C576 /* Build configuration list for PBXNativeTarget "Pochi" */ = {
			isa = XCConfigurationList;
			buildConfigurations = (
				8C253C041E6A56090051C576 /* Debug */,
				8C253C051E6A56090051C576 /* Release */,
			);
			defaultConfigurationIsVisible = 0;
		};
		8C253C061E6A56090051C576 /* Build configuration list for PBXNativeTarget "PochiTests" */ = {
			isa = XCConfigurationList;
			buildConfigurations = (
				8C253C071E6A56090051C576 /* Debug */,
				8C253C081E6A56090051C576 /* Release */,
			);
			defaultConfigurationIsVisible = 0;
		};
		8C253C091E6A56090051C576 /* Build configuration list for PBXNativeTarget "PochiUITests" */ = {
			isa = XCConfigurationList;
			buildConfigurations = (
				8C253C0A1E6A56090051C576 /* Debug */,
				8C253C0B1E6A56090051C576 /* Release */,
			);
			defaultConfigurationIsVisible = 0;
		};
/* End XCConfigurationList section */
	};
	rootObject = 8C253BD11E6A56090051C576 /* Project object */;
}
